
Microsoft Visual Studio Solution File, Format Version 12.00
# Visual Studio Version 16
VisualStudioVersion = 16.0.30413.136
MinimumVisualStudioVersion = 10.0.40219.1
Project("{9A19103F-16F7-4668-BE54-9A1E7A4F7556}") = "MonopolyPreUnity", "MonopolyPreUnity\MonopolyPreUnity.csproj", "{9C9E5D4F-E2E2-4CB9-8F2D-38730F1D12AB}"
EndProject
Project("{FAE04EC0-301F-11D3-BF4B-00C04F79EFBC}") = "SystemTests", "SystemTests\SystemTests.csproj", "{3D63312B-9547-4778-AE9E-2572E213C3AF}"
EndProject
Project("{FAE04EC0-301F-11D3-BF4B-00C04F79EFBC}") = "GameInterface", "GameInterface\GameInterface.csproj", "{B239ACF6-8D3E-42B7-85ED-A3860D9717EF}"
EndProject
Project("{FAE04EC0-301F-11D3-BF4B-00C04F79EFBC}") = "DataSaving", "DataSaving\DataSaving.csproj", "{F51669C7-7D70-4F6D-B128-12F7F01047E7}"
EndProject
Global
	GlobalSection(SolutionConfigurationPlatforms) = preSolution
		Debug|Any CPU = Debug|Any CPU
		Release|Any CPU = Release|Any CPU
	EndGlobalSection
	GlobalSection(ProjectConfigurationPlatforms) = postSolution
		{9C9E5D4F-E2E2-4CB9-8F2D-38730F1D12AB}.Debug|Any CPU.ActiveCfg = Debug|Any CPU
		{9C9E5D4F-E2E2-4CB9-8F2D-38730F1D12AB}.Debug|Any CPU.Build.0 = Debug|Any CPU
		{9C9E5D4F-E2E2-4CB9-8F2D-38730F1D12AB}.Release|Any CPU.ActiveCfg = Release|Any CPU
		{9C9E5D4F-E2E2-4CB9-8F2D-38730F1D12AB}.Release|Any CPU.Build.0 = Release|Any CPU
		{3D63312B-9547-4778-AE9E-2572E213C3AF}.Debug|Any CPU.ActiveCfg = Debug|Any CPU
		{3D63312B-9547-4778-AE9E-2572E213C3AF}.Debug|Any CPU.Build.0 = Debug|Any CPU
		{3D63312B-9547-4778-AE9E-2572E213C3AF}.Release|Any CPU.ActiveCfg = Release|Any CPU
		{3D63312B-9547-4778-AE9E-2572E213C3AF}.Release|Any CPU.Build.0 = Release|Any CPU
		{B239ACF6-8D3E-42B7-85ED-A3860D9717EF}.Debug|Any CPU.ActiveCfg = Debug|Any CPU
		{B239ACF6-8D3E-42B7-85ED-A3860D9717EF}.Debug|Any CPU.Build.0 = Debug|Any CPU
		{B239ACF6-8D3E-42B7-85ED-A3860D9717EF}.Release|Any CPU.ActiveCfg = Release|Any CPU
		{B239ACF6-8D3E-42B7-85ED-A3860D9717EF}.Release|Any CPU.Build.0 = Release|Any CPU
		{F51669C7-7D70-4F6D-B128-12F7F01047E7}.Debug|Any CPU.ActiveCfg = Debug|Any CPU
		{F51669C7-7D70-4F6D-B128-12F7F01047E7}.Debug|Any CPU.Build.0 = Debug|Any CPU
		{F51669C7-7D70-4F6D-B128-12F7F01047E7}.Release|Any CPU.ActiveCfg = Release|Any CPU
		{F51669C7-7D70-4F6D-B128-12F7F01047E7}.Release|Any CPU.Build.0 = Release|Any CPU
	EndGlobalSection
	GlobalSection(SolutionProperties) = preSolution
		HideSolutionNode = FALSE
	EndGlobalSection
	GlobalSection(ExtensibilityGlobals) = postSolution
		SolutionGuid = {54B020AA-65DE-40E6-8B8A-DB3F65EAB902}
	EndGlobalSection
EndGlobal
